
Microsoft Visual Studio Solution File, Format Version 12.00
# Visual Studio Version 17
VisualStudioVersion = 17.10.35013.160
MinimumVisualStudioVersion = 10.0.40219.1
Project("{FAE04EC0-301F-11D3-BF4B-00C04F79EFBC}") = "CoursesPage.Server", "CoursesPage.Server\CoursesPage.Server.csproj", "{B7F5C19E-A693-457F-969C-297F3D4EFE49}"
EndProject
Project("{54A90642-561A-4BB1-A94E-469ADEE60C69}") = "coursespage.client", "coursespage.client\coursespage.client.esproj", "{687275B5-5C21-44BC-A30C-B69BC9B7E0BF}"
EndProject
Global
	GlobalSection(SolutionConfigurationPlatforms) = preSolution
		Debug|Any CPU = Debug|Any CPU
		Release|Any CPU = Release|Any CPU
	EndGlobalSection
	GlobalSection(ProjectConfigurationPlatforms) = postSolution
		{B7F5C19E-A693-457F-969C-297F3D4EFE49}.Debug|Any CPU.ActiveCfg = Debug|Any CPU
		{B7F5C19E-A693-457F-969C-297F3D4EFE49}.Debug|Any CPU.Build.0 = Debug|Any CPU
		{B7F5C19E-A693-457F-969C-297F3D4EFE49}.Release|Any CPU.ActiveCfg = Release|Any CPU
		{B7F5C19E-A693-457F-969C-297F3D4EFE49}.Release|Any CPU.Build.0 = Release|Any CPU
		{687275B5-5C21-44BC-A30C-B69BC9B7E0BF}.Debug|Any CPU.ActiveCfg = Debug|Any CPU
		{687275B5-5C21-44BC-A30C-B69BC9B7E0BF}.Debug|Any CPU.Build.0 = Debug|Any CPU
		{687275B5-5C21-44BC-A30C-B69BC9B7E0BF}.Debug|Any CPU.Deploy.0 = Debug|Any CPU
		{687275B5-5C21-44BC-A30C-B69BC9B7E0BF}.Release|Any CPU.ActiveCfg = Release|Any CPU
		{687275B5-5C21-44BC-A30C-B69BC9B7E0BF}.Release|Any CPU.Build.0 = Release|Any CPU
		{687275B5-5C21-44BC-A30C-B69BC9B7E0BF}.Release|Any CPU.Deploy.0 = Release|Any CPU
	EndGlobalSection
	GlobalSection(SolutionProperties) = preSolution
		HideSolutionNode = FALSE
	EndGlobalSection
	GlobalSection(ExtensibilityGlobals) = postSolution
		SolutionGuid = {9A097EF2-0A19-426F-AEC8-E8E8762B62A2}
	EndGlobalSection
EndGlobal
